// !$*UTF8*$!
{
	archiveVersion = 1;
	classes = {
	};
	objectVersion = 50;
	objects = {

/* Begin PBXBuildFile section */
		FC0B3DA5264825E200964FB9 /* AppDelegate.swift in Sources */ = {isa = PBXBuildFile; fileRef = FC0B3DA4264825E200964FB9 /* AppDelegate.swift */; };
		FC0B3DA7264825E200964FB9 /* SceneDelegate.swift in Sources */ = {isa = PBXBuildFile; fileRef = FC0B3DA6264825E200964FB9 /* SceneDelegate.swift */; };
		FC0B3DA9264825E200964FB9 /* ViewController.swift in Sources */ = {isa = PBXBuildFile; fileRef = FC0B3DA8264825E200964FB9 /* ViewController.swift */; };
		FC0B3DAC264825E200964FB9 /* Main.storyboard in Resources */ = {isa = PBXBuildFile; fileRef = FC0B3DAA264825E200964FB9 /* Main.storyboard */; };
		FC0B3DAE264825EC00964FB9 /* Assets.xcassets in Resources */ = {isa = PBXBuildFile; fileRef = FC0B3DAD264825EC00964FB9 /* Assets.xcassets */; };
		FC0B3DB1264825EC00964FB9 /* LaunchScreen.storyboard in Resources */ = {isa = PBXBuildFile; fileRef = FC0B3DAF264825EC00964FB9 /* LaunchScreen.storyboard */; };
		FCCCD366264DD13000EA90E6 /* NotesDeLaClasse.swift in Sources */ = {isa = PBXBuildFile; fileRef = FCCCD365264DD13000EA90E6 /* NotesDeLaClasse.swift */; };
/* End PBXBuildFile section */

/* Begin PBXFileReference section */
		FC0B3DA1264825E200964FB9 /* NoteCalculator.app */ = {isa = PBXFileReference; explicitFileType = wrapper.application; includeInIndex = 0; path = NoteCalculator.app; sourceTree = BUILT_PRODUCTS_DIR; };
		FC0B3DA4264825E200964FB9 /* AppDelegate.swift */ = {isa = PBXFileReference; lastKnownFileType = sourcecode.swift; path = AppDelegate.swift; sourceTree = "<group>"; };
		FC0B3DA6264825E200964FB9 /* SceneDelegate.swift */ = {isa = PBXFileReference; lastKnownFileType = sourcecode.swift; path = SceneDelegate.swift; sourceTree = "<group>"; };
		FC0B3DA8264825E200964FB9 /* ViewController.swift */ = {isa = PBXFileReference; lastKnownFileType = sourcecode.swift; path = ViewController.swift; sourceTree = "<group>"; };
		FC0B3DAB264825E200964FB9 /* Base */ = {isa = PBXFileReference; lastKnownFileType = file.storyboard; name = Base; path = Base.lproj/Main.storyboard; sourceTree = "<group>"; };
		FC0B3DAD264825EC00964FB9 /* Assets.xcassets */ = {isa = PBXFileReference; lastKnownFileType = folder.assetcatalog; path = Assets.xcassets; sourceTree = "<group>"; };
		FC0B3DB0264825EC00964FB9 /* Base */ = {isa = PBXFileReference; lastKnownFileType = file.storyboard; name = Base; path = Base.lproj/LaunchScreen.storyboard; sourceTree = "<group>"; };
		FC0B3DB2264825EC00964FB9 /* Info.plist */ = {isa = PBXFileReference; lastKnownFileType = text.plist.xml; path = Info.plist; sourceTree = "<group>"; };
		FCCCD365264DD13000EA90E6 /* NotesDeLaClasse.swift */ = {isa = PBXFileReference; lastKnownFileType = sourcecode.swift; path = NotesDeLaClasse.swift; sourceTree = "<group>"; };
/* End PBXFileReference section */

/* Begin PBXFrameworksBuildPhase section */
		FC0B3D9E264825E200964FB9 /* Frameworks */ = {
			isa = PBXFrameworksBuildPhase;
			buildActionMask = 2147483647;
			files = (
			);
			runOnlyForDeploymentPostprocessing = 0;
		};
/* End PBXFrameworksBuildPhase section */

/* Begin PBXGroup section */
		FC0B3D98264825E200964FB9 = {
			isa = PBXGroup;
			children = (
				FC0B3DA3264825E200964FB9 /* NoteCalculator */,
				FC0B3DA2264825E200964FB9 /* Products */,
			);
			sourceTree = "<group>";
		};
		FC0B3DA2264825E200964FB9 /* Products */ = {
			isa = PBXGroup;
			children = (
				FC0B3DA1264825E200964FB9 /* NoteCalculator.app */,
			);
			name = Products;
			sourceTree = "<group>";
		};
		FC0B3DA3264825E200964FB9 /* NoteCalculator */ = {
			isa = PBXGroup;
			children = (
				FC0B3DB2264825EC00964FB9 /* Info.plist */,
				FCCCD364264DCFF000EA90E6 /* Supporting files */,
				FCCCD363264DCFCB00EA90E6 /* Controller */,
				FCCCD362264DCFC300EA90E6 /* Model */,
				FCCCD361264DCFB400EA90E6 /* View */,
			);
			path = NoteCalculator;
			sourceTree = "<group>";
		};
		FCCCD361264DCFB400EA90E6 /* View */ = {
			isa = PBXGroup;
			children = (
				FC0B3DAA264825E200964FB9 /* Main.storyboard */,
			);
			path = View;
			sourceTree = "<group>";
		};
		FCCCD362264DCFC300EA90E6 /* Model */ = {
			isa = PBXGroup;
			children = (
				FCCCD365264DD13000EA90E6 /* NotesDeLaClasse.swift */,
			);
			path = Model;
			sourceTree = "<group>";
		};
		FCCCD363264DCFCB00EA90E6 /* Controller */ = {
			isa = PBXGroup;
			children = (
				FC0B3DA8264825E200964FB9 /* ViewController.swift */,
			);
			path = Controller;
			sourceTree = "<group>";
		};
		FCCCD364264DCFF000EA90E6 /* Supporting files */ = {
			isa = PBXGroup;
			children = (
				FC0B3DA4264825E200964FB9 /* AppDelegate.swift */,
				FC0B3DA6264825E200964FB9 /* SceneDelegate.swift */,
				FC0B3DAD264825EC00964FB9 /* Assets.xcassets */,
				FC0B3DAF264825EC00964FB9 /* LaunchScreen.storyboard */,
			);
			path = "Supporting files";
			sourceTree = "<group>";
		};
/* End PBXGroup section */

/* Begin PBXNativeTarget section */
		FC0B3DA0264825E200964FB9 /* NoteCalculator */ = {
			isa = PBXNativeTarget;
			buildConfigurationList = FC0B3DB5264825EC00964FB9 /* Build configuration list for PBXNativeTarget "NoteCalculator" */;
			buildPhases = (
				FC0B3D9D264825E200964FB9 /* Sources */,
				FC0B3D9E264825E200964FB9 /* Frameworks */,
				FC0B3D9F264825E200964FB9 /* Resources */,
			);
			buildRules = (
			);
			dependencies = (
			);
			name = NoteCalculator;
			productName = NoteCalculator;
			productReference = FC0B3DA1264825E200964FB9 /* NoteCalculator.app */;
			productType = "com.apple.product-type.application";
		};
/* End PBXNativeTarget section */

/* Begin PBXProject section */
		FC0B3D99264825E200964FB9 /* Project object */ = {
			isa = PBXProject;
			attributes = {
				LastSwiftUpdateCheck = 1170;
				LastUpgradeCheck = 1170;
				ORGANIZATIONNAME = "Siarhei Saukin (Étudiant)";
				TargetAttributes = {
					FC0B3DA0264825E200964FB9 = {
						CreatedOnToolsVersion = 11.7;
					};
				};
			};
			buildConfigurationList = FC0B3D9C264825E200964FB9 /* Build configuration list for PBXProject "NoteCalculator" */;
			compatibilityVersion = "Xcode 9.3";
			developmentRegion = en;
			hasScannedForEncodings = 0;
			knownRegions = (
				en,
				Base,
			);
			mainGroup = FC0B3D98264825E200964FB9;
			productRefGroup = FC0B3DA2264825E200964FB9 /* Products */;
			projectDirPath = "";
			projectRoot = "";
			targets = (
				FC0B3DA0264825E200964FB9 /* NoteCalculator */,
			);
		};
/* End PBXProject section */

/* Begin PBXResourcesBuildPhase section */
		FC0B3D9F264825E200964FB9 /* Resources */ = {
			isa = PBXResourcesBuildPhase;
			buildActionMask = 2147483647;
			files = (
				FC0B3DB1264825EC00964FB9 /* LaunchScreen.storyboard in Resources */,
				FC0B3DAE264825EC00964FB9 /* Assets.xcassets in Resources */,
				FC0B3DAC264825E200964FB9 /* Main.storyboard in Resources */,
			);
			runOnlyForDeploymentPostprocessing = 0;
		};
/* End PBXResourcesBuildPhase section */

/* Begin PBXSourcesBuildPhase section */
		FC0B3D9D264825E200964FB9 /* Sources */ = {
			isa = PBXSourcesBuildPhase;
			buildActionMask = 2147483647;
			files = (
				FC0B3DA9264825E200964FB9 /* ViewController.swift in Sources */,
				FC0B3DA5264825E200964FB9 /* AppDelegate.swift in Sources */,
				FCCCD366264DD13000EA90E6 /* NotesDeLaClasse.swift in Sources */,
				FC0B3DA7264825E200964FB9 /* SceneDelegate.swift in Sources */,
			);
			runOnlyForDeploymentPostprocessing = 0;
		};
/* End PBXSourcesBuildPhase section */

/* Begin PBXVariantGroup section */
		FC0B3DAA264825E200964FB9 /* Main.storyboard */ = {
			isa = PBXVariantGroup;
			children = (
				FC0B3DAB264825E200964FB9 /* Base */,
			);
			name = Main.storyboard;
			sourceTree = "<group>";
		};
		FC0B3DAF264825EC00964FB9 /* LaunchScreen.storyboard */ = {
			isa = PBXVariantGroup;
			children = (
				FC0B3DB0264825EC00964FB9 /* Base */,
			);
			name = LaunchScreen.storyboard;
			sourceTree = "<group>";
		};
/* End PBXVariantGroup section */

/* Begin XCBuildConfiguration section */
		FC0B3DB3264825EC00964FB9 /* Debug */ = {
			isa = XCBuildConfiguration;
			buildSettings = {
				ALWAYS_SEARCH_USER_PATHS = NO;
				CLANG_ANALYZER_NONNULL = YES;
				CLANG_ANALYZER_NUMBER_OBJECT_CONVERSION = YES_AGGRESSIVE;
				CLANG_CXX_LANGUAGE_STANDARD = "gnu++14";
				CLANG_CXX_LIBRARY = "libc++";
				CLANG_ENABLE_MODULES = YES;
				CLANG_ENABLE_OBJC_ARC = YES;
				CLANG_ENABLE_OBJC_WEAK = YES;
				CLANG_WARN_BLOCK_CAPTURE_AUTORELEASING = YES;
				CLANG_WARN_BOOL_CONVERSION = YES;
				CLANG_WARN_COMMA = YES;
				CLANG_WARN_CONSTANT_CONVERSION = YES;
				CLANG_WARN_DEPRECATED_OBJC_IMPLEMENTATIONS = YES;
				CLANG_WARN_DIRECT_OBJC_ISA_USAGE = YES_ERROR;
				CLANG_WARN_DOCUMENTATION_COMMENTS = YES;
				CLANG_WARN_EMPTY_BODY = YES;
				CLANG_WARN_ENUM_CONVERSION = YES;
				CLANG_WARN_INFINITE_RECURSION = YES;
				CLANG_WARN_INT_CONVERSION = YES;
				CLANG_WARN_NON_LITERAL_NULL_CONVERSION = YES;
				CLANG_WARN_OBJC_IMPLICIT_RETAIN_SELF = YES;
				CLANG_WARN_OBJC_LITERAL_CONVERSION = YES;
				CLANG_WARN_OBJC_ROOT_CLASS = YES_ERROR;
				CLANG_WARN_RANGE_LOOP_ANALYSIS = YES;
				CLANG_WARN_STRICT_PROTOTYPES = YES;
				CLANG_WARN_SUSPICIOUS_MOVE = YES;
				CLANG_WARN_UNGUARDED_AVAILABILITY = YES_AGGRESSIVE;
				CLANG_WARN_UNREACHABLE_CODE = YES;
				CLANG_WARN__DUPLICATE_METHOD_MATCH = YES;
				COPY_PHASE_STRIP = NO;
				DEBUG_INFORMATION_FORMAT = dwarf;
				ENABLE_STRICT_OBJC_MSGSEND = YES;
				ENABLE_TESTABILITY = YES;
				GCC_C_LANGUAGE_STANDARD = gnu11;
				GCC_DYNAMIC_NO_PIC = NO;
				GCC_NO_COMMON_BLOCKS = YES;
				GCC_OPTIMIZATION_LEVEL = 0;
				GCC_PREPROCESSOR_DEFINITIONS = (
					"DEBUG=1",
					"$(inherited)",
				);
				GCC_WARN_64_TO_32_BIT_CONVERSION = YES;
				GCC_WARN_ABOUT_RETURN_TYPE = YES_ERROR;
				GCC_WARN_UNDECLARED_SELECTOR = YES;
				GCC_WARN_UNINITIALIZED_AUTOS = YES_AGGRESSIVE;
				GCC_WARN_UNUSED_FUNCTION = YES;
				GCC_WARN_UNUSED_VARIABLE = YES;
				IPHONEOS_DEPLOYMENT_TARGET = 13.7;
				MTL_ENABLE_DEBUG_INFO = INCLUDE_SOURCE;
				MTL_FAST_MATH = YES;
				ONLY_ACTIVE_ARCH = YES;
				SDKROOT = iphoneos;
				SWIFT_ACTIVE_COMPILATION_CONDITIONS = DEBUG;
				SWIFT_OPTIMIZATION_LEVEL = "-Onone";
			};
			name = Debug;
		};
		FC0B3DB4264825EC00964FB9 /* Release */ = {
			isa = XCBuildConfiguration;
			buildSettings = {
				ALWAYS_SEARCH_USER_PATHS = NO;
				CLANG_ANALYZER_NONNULL = YES;
				CLANG_ANALYZER_NUMBER_OBJECT_CONVERSION = YES_AGGRESSIVE;
				CLANG_CXX_LANGUAGE_STANDARD = "gnu++14";
				CLANG_CXX_LIBRARY = "libc++";
				CLANG_ENABLE_MODULES = YES;
				CLANG_ENABLE_OBJC_ARC = YES;
				CLANG_ENABLE_OBJC_WEAK = YES;
				CLANG_WARN_BLOCK_CAPTURE_AUTORELEASING = YES;
				CLANG_WARN_BOOL_CONVERSION = YES;
				CLANG_WARN_COMMA = YES;
				CLANG_WARN_CONSTANT_CONVERSION = YES;
				CLANG_WARN_DEPRECATED_OBJC_IMPLEMENTATIONS = YES;
				CLANG_WARN_DIRECT_OBJC_ISA_USAGE = YES_ERROR;
				CLANG_WARN_DOCUMENTATION_COMMENTS = YES;
				CLANG_WARN_EMPTY_BODY = YES;
				CLANG_WARN_ENUM_CONVERSION = YES;
				CLANG_WARN_INFINITE_RECURSION = YES;
				CLANG_WARN_INT_CONVERSION = YES;
				CLANG_WARN_NON_LITERAL_NULL_CONVERSION = YES;
				CLANG_WARN_OBJC_IMPLICIT_RETAIN_SELF = YES;
				CLANG_WARN_OBJC_LITERAL_CONVERSION = YES;
				CLANG_WARN_OBJC_ROOT_CLASS = YES_ERROR;
				CLANG_WARN_RANGE_LOOP_ANALYSIS = YES;
				CLANG_WARN_STRICT_PROTOTYPES = YES;
				CLANG_WARN_SUSPICIOUS_MOVE = YES;
				CLANG_WARN_UNGUARDED_AVAILABILITY = YES_AGGRESSIVE;
				CLANG_WARN_UNREACHABLE_CODE = YES;
				CLANG_WARN__DUPLICATE_METHOD_MATCH = YES;
				COPY_PHASE_STRIP = NO;
				DEBUG_INFORMATION_FORMAT = "dwarf-with-dsym";
				ENABLE_NS_ASSERTIONS = NO;
				ENABLE_STRICT_OBJC_MSGSEND = YES;
				GCC_C_LANGUAGE_STANDARD = gnu11;
				GCC_NO_COMMON_BLOCKS = YES;
				GCC_WARN_64_TO_32_BIT_CONVERSION = YES;
				GCC_WARN_ABOUT_RETURN_TYPE = YES_ERROR;
				GCC_WARN_UNDECLARED_SELECTOR = YES;
				GCC_WARN_UNINITIALIZED_AUTOS = YES_AGGRESSIVE;
				GCC_WARN_UNUSED_FUNCTION = YES;
				GCC_WARN_UNUSED_VARIABLE = YES;
				IPHONEOS_DEPLOYMENT_TARGET = 13.7;
				MTL_ENABLE_DEBUG_INFO = NO;
				MTL_FAST_MATH = YES;
				SDKROOT = iphoneos;
				SWIFT_COMPILATION_MODE = wholemodule;
				SWIFT_OPTIMIZATION_LEVEL = "-O";
				VALIDATE_PRODUCT = YES;
			};
			name = Release;
		};
		FC0B3DB6264825EC00964FB9 /* Debug */ = {
			isa = XCBuildConfiguration;
			buildSettings = {
				ASSETCATALOG_COMPILER_APPICON_NAME = AppIcon;
				CODE_SIGN_STYLE = Automatic;
				INFOPLIST_FILE = NoteCalculator/Info.plist;
				LD_RUNPATH_SEARCH_PATHS = (
					"$(inherited)",
					"@executable_path/Frameworks",
				);
				PRODUCT_BUNDLE_IDENTIFIER = me.saukin.NoteCalculator;
				PRODUCT_NAME = "$(TARGET_NAME)";
				SWIFT_VERSION = 5.0;
				TARGETED_DEVICE_FAMILY = "1,2";
			};
			name = Debug;
		};
		FC0B3DB7264825EC00964FB9 /* Release */ = {
			isa = XCBuildConfiguration;
			buildSettings = {
				ASSETCATALOG_COMPILER_APPICON_NAME = AppIcon;
				CODE_SIGN_STYLE = Automatic;
				INFOPLIST_FILE = NoteCalculator/Info.plist;
				LD_RUNPATH_SEARCH_PATHS = (
					"$(inherited)",
					"@executable_path/Frameworks",
				);
				PRODUCT_BUNDLE_IDENTIFIER = me.saukin.NoteCalculator;
				PRODUCT_NAME = "$(TARGET_NAME)";
				SWIFT_VERSION = 5.0;
				TARGETED_DEVICE_FAMILY = "1,2";
			};
			name = Release;
		};
/* End XCBuildConfiguration section */

/* Begin XCConfigurationList section */
		FC0B3D9C264825E200964FB9 /* Build configuration list for PBXProject "NoteCalculator" */ = {
			isa = XCConfigurationList;
			buildConfigurations = (
				FC0B3DB3264825EC00964FB9 /* Debug */,
				FC0B3DB4264825EC00964FB9 /* Release */,
			);
			defaultConfigurationIsVisible = 0;
			defaultConfigurationName = Release;
		};
		FC0B3DB5264825EC00964FB9 /* Build configuration list for PBXNativeTarget "NoteCalculator" */ = {
			isa = XCConfigurationList;
			buildConfigurations = (
				FC0B3DB6264825EC00964FB9 /* Debug */,
				FC0B3DB7264825EC00964FB9 /* Release */,
			);
			defaultConfigurationIsVisible = 0;
			defaultConfigurationName = Release;
		};
/* End XCConfigurationList section */
	};
	rootObject = FC0B3D99264825E200964FB9 /* Project object */;
}
